
Microsoft Visual Studio Solution File, Format Version 12.00
# Visual Studio Version 17
VisualStudioVersion = 17.9.34616.47
MinimumVisualStudioVersion = 10.0.40219.1
Project("{FAE04EC0-301F-11D3-BF4B-00C04F79EFBC}") = "Version1_3", "Version1_3\Version1_3.csproj", "{81B64BC8-5E4B-4194-ABE0-428229475B29}"
EndProject
Project("{FAE04EC0-301F-11D3-BF4B-00C04F79EFBC}") = "Version1_4", "Version1_4\Version1_4.csproj", "{7A775126-D0F6-4084-8C6D-210474505C09}"
EndProject
Project("{FAE04EC0-301F-11D3-BF4B-00C04F79EFBC}") = "Version1_5", "Version1_5\Version1_5.csproj", "{DA5D7CE3-06A2-4012-85A6-18E57131539F}"
EndProject
Global
	GlobalSection(SolutionConfigurationPlatforms) = preSolution
		Debug|Any CPU = Debug|Any CPU
		Debug|ARM64 = Debug|ARM64
		Debug|x64 = Debug|x64
		Debug|x86 = Debug|x86
		Release|Any CPU = Release|Any CPU
		Release|ARM64 = Release|ARM64
		Release|x64 = Release|x64
		Release|x86 = Release|x86
	EndGlobalSection
	GlobalSection(ProjectConfigurationPlatforms) = postSolution
		{81B64BC8-5E4B-4194-ABE0-428229475B29}.Debug|Any CPU.ActiveCfg = Debug|x64
		{81B64BC8-5E4B-4194-ABE0-428229475B29}.Debug|Any CPU.Build.0 = Debug|x64
		{81B64BC8-5E4B-4194-ABE0-428229475B29}.Debug|Any CPU.Deploy.0 = Debug|x64
		{81B64BC8-5E4B-4194-ABE0-428229475B29}.Debug|ARM64.ActiveCfg = Debug|ARM64
		{81B64BC8-5E4B-4194-ABE0-428229475B29}.Debug|ARM64.Build.0 = Debug|ARM64
		{81B64BC8-5E4B-4194-ABE0-428229475B29}.Debug|ARM64.Deploy.0 = Debug|ARM64
		{81B64BC8-5E4B-4194-ABE0-428229475B29}.Debug|x64.ActiveCfg = Debug|x64
		{81B64BC8-5E4B-4194-ABE0-428229475B29}.Debug|x64.Build.0 = Debug|x64
		{81B64BC8-5E4B-4194-ABE0-428229475B29}.Debug|x64.Deploy.0 = Debug|x64
		{81B64BC8-5E4B-4194-ABE0-428229475B29}.Debug|x86.ActiveCfg = Debug|x86
		{81B64BC8-5E4B-4194-ABE0-428229475B29}.Debug|x86.Build.0 = Debug|x86
		{81B64BC8-5E4B-4194-ABE0-428229475B29}.Debug|x86.Deploy.0 = Debug|x86
		{81B64BC8-5E4B-4194-ABE0-428229475B29}.Release|Any CPU.ActiveCfg = Release|x64
		{81B64BC8-5E4B-4194-ABE0-428229475B29}.Release|Any CPU.Build.0 = Release|x64
		{81B64BC8-5E4B-4194-ABE0-428229475B29}.Release|Any CPU.Deploy.0 = Release|x64
		{81B64BC8-5E4B-4194-ABE0-428229475B29}.Release|ARM64.ActiveCfg = Release|ARM64
		{81B64BC8-5E4B-4194-ABE0-428229475B29}.Release|ARM64.Build.0 = Release|ARM64
		{81B64BC8-5E4B-4194-ABE0-428229475B29}.Release|ARM64.Deploy.0 = Release|ARM64
		{81B64BC8-5E4B-4194-ABE0-428229475B29}.Release|x64.ActiveCfg = Release|x64
		{81B64BC8-5E4B-4194-ABE0-428229475B29}.Release|x64.Build.0 = Release|x64
		{81B64BC8-5E4B-4194-ABE0-428229475B29}.Release|x64.Deploy.0 = Release|x64
		{81B64BC8-5E4B-4194-ABE0-428229475B29}.Release|x86.ActiveCfg = Release|x86
		{81B64BC8-5E4B-4194-ABE0-428229475B29}.Release|x86.Build.0 = Release|x86
		{81B64BC8-5E4B-4194-ABE0-428229475B29}.Release|x86.Deploy.0 = Release|x86
		{7A775126-D0F6-4084-8C6D-210474505C09}.Debug|Any CPU.ActiveCfg = Debug|x64
		{7A775126-D0F6-4084-8C6D-210474505C09}.Debug|Any CPU.Build.0 = Debug|x64
		{7A775126-D0F6-4084-8C6D-210474505C09}.Debug|Any CPU.Deploy.0 = Debug|x64
		{7A775126-D0F6-4084-8C6D-210474505C09}.Debug|ARM64.ActiveCfg = Debug|ARM64
		{7A775126-D0F6-4084-8C6D-210474505C09}.Debug|ARM64.Build.0 = Debug|ARM64
		{7A775126-D0F6-4084-8C6D-210474505C09}.Debug|ARM64.Deploy.0 = Debug|ARM64
		{7A775126-D0F6-4084-8C6D-210474505C09}.Debug|x64.ActiveCfg = Debug|x64
		{7A775126-D0F6-4084-8C6D-210474505C09}.Debug|x64.Build.0 = Debug|x64
		{7A775126-D0F6-4084-8C6D-210474505C09}.Debug|x64.Deploy.0 = Debug|x64
		{7A775126-D0F6-4084-8C6D-210474505C09}.Debug|x86.ActiveCfg = Debug|x86
		{7A775126-D0F6-4084-8C6D-210474505C09}.Debug|x86.Build.0 = Debug|x86
		{7A775126-D0F6-4084-8C6D-210474505C09}.Debug|x86.Deploy.0 = Debug|x86
		{7A775126-D0F6-4084-8C6D-210474505C09}.Release|Any CPU.ActiveCfg = Release|x64
		{7A775126-D0F6-4084-8C6D-210474505C09}.Release|Any CPU.Build.0 = Release|x64
		{7A775126-D0F6-4084-8C6D-210474505C09}.Release|Any CPU.Deploy.0 = Release|x64
		{7A775126-D0F6-4084-8C6D-210474505C09}.Release|ARM64.ActiveCfg = Release|ARM64
		{7A775126-D0F6-4084-8C6D-210474505C09}.Release|ARM64.Build.0 = Release|ARM64
		{7A775126-D0F6-4084-8C6D-210474505C09}.Release|ARM64.Deploy.0 = Release|ARM64
		{7A775126-D0F6-4084-8C6D-210474505C09}.Release|x64.ActiveCfg = Release|x64
		{7A775126-D0F6-4084-8C6D-210474505C09}.Release|x64.Build.0 = Release|x64
		{7A775126-D0F6-4084-8C6D-210474505C09}.Release|x64.Deploy.0 = Release|x64
		{7A775126-D0F6-4084-8C6D-210474505C09}.Release|x86.ActiveCfg = Release|x86
		{7A775126-D0F6-4084-8C6D-210474505C09}.Release|x86.Build.0 = Release|x86
		{7A775126-D0F6-4084-8C6D-210474505C09}.Release|x86.Deploy.0 = Release|x86
		{DA5D7CE3-06A2-4012-85A6-18E57131539F}.Debug|Any CPU.ActiveCfg = Debug|x64
		{DA5D7CE3-06A2-4012-85A6-18E57131539F}.Debug|Any CPU.Build.0 = Debug|x64
		{DA5D7CE3-06A2-4012-85A6-18E57131539F}.Debug|Any CPU.Deploy.0 = Debug|x64
		{DA5D7CE3-06A2-4012-85A6-18E57131539F}.Debug|ARM64.ActiveCfg = Debug|ARM64
		{DA5D7CE3-06A2-4012-85A6-18E57131539F}.Debug|ARM64.Build.0 = Debug|ARM64
		{DA5D7CE3-06A2-4012-85A6-18E57131539F}.Debug|ARM64.Deploy.0 = Debug|ARM64
		{DA5D7CE3-06A2-4012-85A6-18E57131539F}.Debug|x64.ActiveCfg = Debug|x64
		{DA5D7CE3-06A2-4012-85A6-18E57131539F}.Debug|x64.Build.0 = Debug|x64
		{DA5D7CE3-06A2-4012-85A6-18E57131539F}.Debug|x64.Deploy.0 = Debug|x64
		{DA5D7CE3-06A2-4012-85A6-18E57131539F}.Debug|x86.ActiveCfg = Debug|x86
		{DA5D7CE3-06A2-4012-85A6-18E57131539F}.Debug|x86.Build.0 = Debug|x86
		{DA5D7CE3-06A2-4012-85A6-18E57131539F}.Debug|x86.Deploy.0 = Debug|x86
		{DA5D7CE3-06A2-4012-85A6-18E57131539F}.Release|Any CPU.ActiveCfg = Release|x64
		{DA5D7CE3-06A2-4012-85A6-18E57131539F}.Release|Any CPU.Build.0 = Release|x64
		{DA5D7CE3-06A2-4012-85A6-18E57131539F}.Release|Any CPU.Deploy.0 = Release|x64
		{DA5D7CE3-06A2-4012-85A6-18E57131539F}.Release|ARM64.ActiveCfg = Release|ARM64
		{DA5D7CE3-06A2-4012-85A6-18E57131539F}.Release|ARM64.Build.0 = Release|ARM64
		{DA5D7CE3-06A2-4012-85A6-18E57131539F}.Release|ARM64.Deploy.0 = Release|ARM64
		{DA5D7CE3-06A2-4012-85A6-18E57131539F}.Release|x64.ActiveCfg = Release|x64
		{DA5D7CE3-06A2-4012-85A6-18E57131539F}.Release|x64.Build.0 = Release|x64
		{DA5D7CE3-06A2-4012-85A6-18E57131539F}.Release|x64.Deploy.0 = Release|x64
		{DA5D7CE3-06A2-4012-85A6-18E57131539F}.Release|x86.ActiveCfg = Release|x86
		{DA5D7CE3-06A2-4012-85A6-18E57131539F}.Release|x86.Build.0 = Release|x86
		{DA5D7CE3-06A2-4012-85A6-18E57131539F}.Release|x86.Deploy.0 = Release|x86
	EndGlobalSection
	GlobalSection(SolutionProperties) = preSolution
		HideSolutionNode = FALSE
	EndGlobalSection
	GlobalSection(ExtensibilityGlobals) = postSolution
		SolutionGuid = {E3688E29-81CC-4C2A-9AD4-F60082794D44}
	EndGlobalSection
EndGlobal
